<?xml version="1.0" encoding="utf-8"?>
<Project ToolsVersion="4.0" xmlns="http://schemas.microsoft.com/developer/msbuild/2003">
  <ItemGroup>
    <Filter Include="Source Files">
      <UniqueIdentifier>{4FC737F1-C7A5-4376-A066-2A32D752A2FF}</UniqueIdentifier>
      <Extensions>cpp;c;cc;cxx;def;odl;idl;hpj;bat;asm;asmx</Extensions>
    </Filter>
    <Filter Include="Header Files">
      <UniqueIdentifier>{93995380-89BD-4b04-88EB-625FBE52EBFB}</UniqueIdentifier>
      <Extensions>h;hh;hpp;hxx;hm;inl;inc;xsd</Extensions>
    </Filter>
    <Filter Include="Resource Files">
      <UniqueIdentifier>{67DA6AB6-F800-4c08-8B7A-83BB121AAD01}</UniqueIdentifier>
      <Extensions>rc;ico;cur;bmp;dlg;rc2;rct;bin;rgs;gif;jpg;jpeg;jpe;resx;tiff;tif;png;wav;mfcribbon-ms</Extensions>
    </Filter>
  </ItemGroup>
  <ItemGroup>
    <ClCompile Include="main.cpp">
      <Filter>Source Files</Filter>
    </ClCompile>
    <ClCompile Include="MatTransmission\WinsockMatTransmissionClient.cpp">
      <Filter>Source Files</Filter>
    </ClCompile>
    <ClCompile Include="MatTransmission\WinsockMatTransmissionServer.cpp">
      <Filter>Source Files</Filter>
    </ClCompile>
    <ClCompile Include="Math\mtxlib.cpp">
      <Filter>Source Files</Filter>
    </ClCompile>
    <ClCompile Include="Graphics\Graphics.cpp">
      <Filter>Source Files</Filter>
    </ClCompile>
    <ClCompile Include="Profile\stat.cpp">
      <Filter>Source Files</Filter>
    </ClCompile>
    <ClCompile Include="Profile\custom_time.cpp">
      <Filter>Source Files</Filter>
    </ClCompile>
    <ClCompile Include="Profile\profile.cpp">
      <Filter>Source Files</Filter>
    </ClCompile>
    <ClCompile Include="Graphics\Window.cpp">
      <Filter>Source Files</Filter>
    </ClCompile>
    <ClCompile Include="Math\vec2.cpp">
      <Filter>Source Files</Filter>
    </ClCompile>
    <ClCompile Include="Math\vec3.cpp">
      <Filter>Source Files</Filter>
    </ClCompile>
    <ClCompile Include="Math\vec4.cpp">
      <Filter>Source Files</Filter>
    </ClCompile>
    <ClCompile Include="Math\mat4.cpp">
      <Filter>Source Files</Filter>
    </ClCompile>
    <ClCompile Include="Graphics\Shader.cpp">
      <Filter>Source Files</Filter>
    </ClCompile>
    <ClCompile Include="Graphics\Buffer\Buffer.cpp">
      <Filter>Source Files</Filter>
    </ClCompile>
    <ClCompile Include="Graphics\Buffer\IndexBuffer.cpp">
      <Filter>Source Files</Filter>
    </ClCompile>
    <ClCompile Include="Graphics\Buffer\VertexArray.cpp">
      <Filter>Source Files</Filter>
    </ClCompile>
    <ClCompile Include="Graphics\Simple2DRenderer.cpp">
      <Filter>Source Files</Filter>
    </ClCompile>
    <ClCompile Include="TextBox\TextBox.cpp">
      <Filter>Source Files</Filter>
    </ClCompile>
    <ClCompile Include="Graphics\BatchRenderer2D.cpp">
      <Filter>Source Files</Filter>
    </ClCompile>
    <ClCompile Include="Graphics\StaticSprite.cpp">
      <Filter>Source Files</Filter>
    </ClCompile>
    <ClCompile Include="Graphics\Sprite.cpp">
      <Filter>Source Files</Filter>
    </ClCompile>
  </ItemGroup>
  <ItemGroup>
    <ClInclude Include="MatTransmission\WinsockMatTransmissionClient.h">
      <Filter>Header Files</Filter>
    </ClInclude>
    <ClInclude Include="MatTransmission\WinsockMatTransmissionServer.h">
      <Filter>Header Files</Filter>
    </ClInclude>
    <ClInclude Include="MatTransmission\Send.h">
      <Filter>Header Files</Filter>
    </ClInclude>
    <ClInclude Include="MatTransmission\Receive.h">
      <Filter>Header Files</Filter>
    </ClInclude>
    <ClInclude Include="Singleton\Singleton.h">
      <Filter>Header Files</Filter>
    </ClInclude>
    <ClInclude Include="Math\mtxlib.h">
      <Filter>Header Files</Filter>
    </ClInclude>
    <ClInclude Include="Graphics\Graphics.h">
      <Filter>Header Files</Filter>
    </ClInclude>
    <ClInclude Include="Profile\stat.h">
      <Filter>Header Files</Filter>
    </ClInclude>
    <ClInclude Include="Profile\custom_time.h">
      <Filter>Header Files</Filter>
    </ClInclude>
    <ClInclude Include="Profile\profile.h">
      <Filter>Header Files</Filter>
    </ClInclude>
    <ClInclude Include="Graphics\VDeleter.h">
      <Filter>Header Files</Filter>
    </ClInclude>
    <ClInclude Include="Graphics\Window.h">
      <Filter>Header Files</Filter>
    </ClInclude>
    <ClInclude Include="Math\vec2.h">
      <Filter>Header Files</Filter>
    </ClInclude>
    <ClInclude Include="Math\vec3.h">
      <Filter>Header Files</Filter>
    </ClInclude>
    <ClInclude Include="Math\vec4.h">
      <Filter>Header Files</Filter>
    </ClInclude>
    <ClInclude Include="Math\Math.h">
      <Filter>Header Files</Filter>
    </ClInclude>
    <ClInclude Include="Math\mat4.h">
      <Filter>Header Files</Filter>
    </ClInclude>
    <ClInclude Include="utils\FileUtils.h">
      <Filter>Header Files</Filter>
    </ClInclude>
    <ClInclude Include="Graphics\Shader.h">
      <Filter>Header Files</Filter>
    </ClInclude>
    <ClInclude Include="Graphics\Buffer\Buffer.h">
      <Filter>Header Files</Filter>
    </ClInclude>
    <ClInclude Include="Graphics\Buffer\IndexBuffer.h">
      <Filter>Header Files</Filter>
    </ClInclude>
    <ClInclude Include="Graphics\Buffer\VertexArray.h">
      <Filter>Header Files</Filter>
    </ClInclude>
    <ClInclude Include="Graphics\Renderable2d.h">
      <Filter>Header Files</Filter>
    </ClInclude>
    <ClInclude Include="Graphics\Simple2DRenderer.h">
      <Filter>Header Files</Filter>
    </ClInclude>
    <ClInclude Include="Graphics\Renderer2d.h">
      <Filter>Header Files</Filter>
    </ClInclude>
    <ClInclude Include="TextBox\def.h">
      <Filter>Header Files</Filter>
    </ClInclude>
    <ClInclude Include="TextBox\TextBox.h">
      <Filter>Header Files</Filter>
    </ClInclude>
    <ClInclude Include="Graphics\BatchRenderer2D.h">
      <Filter>Header Files</Filter>
    </ClInclude>
    <ClInclude Include="Graphics\StaticSprite.h">
      <Filter>Header Files</Filter>
    </ClInclude>
    <ClInclude Include="Graphics\Sprite.h">
      <Filter>Header Files</Filter>
    </ClInclude>
  </ItemGroup>
  <ItemGroup>
    <Text Include="window.txt" />
    <Text Include="parameters.txt" />
    <Text Include="DebugMatrix.txt" />
  </ItemGroup>
  <ItemGroup>
    <None Include="ShaderVulkan\shader.frag" />
    <None Include="ShaderVulkan\shader.vert" />
    <None Include="ShaderOpenGL\shader.vert" />
    <None Include="ShaderOpenGL\shader.frag" />
    <None Include="ShaderOpenGL\base.vert" />
    <None Include="ShaderOpenGL\base.frag" />
    <None Include="xtion.yaml" />
  </ItemGroup>
</Project>